
Microsoft Visual Studio Solution File, Format Version 12.00
# Blend for Visual Studio Version 17
VisualStudioVersion = 17.5.33414.496
MinimumVisualStudioVersion = 10.0.40219.1
Project("{FAE04EC0-301F-11D3-BF4B-00C04F79EFBC}") = "image insert", "image insert\image insert.csproj", "{86B0246C-EE34-4E74-AE67-D8FD26A8E742}"
EndProject
Global
	GlobalSection(SolutionConfigurationPlatforms) = preSolution
		Debug|Any CPU = Debug|Any CPU
		Release|Any CPU = Release|Any CPU
	EndGlobalSection
	GlobalSection(ProjectConfigurationPlatforms) = postSolution
		{86B0246C-EE34-4E74-AE67-D8FD26A8E742}.Debug|Any CPU.ActiveCfg = Debug|Any CPU
		{86B0246C-EE34-4E74-AE67-D8FD26A8E742}.Debug|Any CPU.Build.0 = Debug|Any CPU
		{86B0246C-EE34-4E74-AE67-D8FD26A8E742}.Release|Any CPU.ActiveCfg = Release|Any CPU
		{86B0246C-EE34-4E74-AE67-D8FD26A8E742}.Release|Any CPU.Build.0 = Release|Any CPU
	EndGlobalSection
	GlobalSection(SolutionProperties) = preSolution
		HideSolutionNode = FALSE
	EndGlobalSection
	GlobalSection(ExtensibilityGlobals) = postSolution
		SolutionGuid = {CE5A2747-8BEA-4D4A-A518-C2E4A3980F4C}
	EndGlobalSection
EndGlobal
