
Microsoft Visual Studio Solution File, Format Version 12.00
# Blend for Visual Studio Version 17
VisualStudioVersion = 17.5.33414.496
MinimumVisualStudioVersion = 10.0.40219.1
Project("{FAE04EC0-301F-11D3-BF4B-00C04F79EFBC}") = "Wpfapplication", "Wpfapplication\Wpfapplication.csproj", "{B51D1C5F-005E-4247-B2FA-F3FE01D74CA6}"
EndProject
Global
	GlobalSection(SolutionConfigurationPlatforms) = preSolution
		Debug|Any CPU = Debug|Any CPU
		Release|Any CPU = Release|Any CPU
	EndGlobalSection
	GlobalSection(ProjectConfigurationPlatforms) = postSolution
		{B51D1C5F-005E-4247-B2FA-F3FE01D74CA6}.Debug|Any CPU.ActiveCfg = Debug|Any CPU
		{B51D1C5F-005E-4247-B2FA-F3FE01D74CA6}.Debug|Any CPU.Build.0 = Debug|Any CPU
		{B51D1C5F-005E-4247-B2FA-F3FE01D74CA6}.Release|Any CPU.ActiveCfg = Release|Any CPU
		{B51D1C5F-005E-4247-B2FA-F3FE01D74CA6}.Release|Any CPU.Build.0 = Release|Any CPU
	EndGlobalSection
	GlobalSection(SolutionProperties) = preSolution
		HideSolutionNode = FALSE
	EndGlobalSection
	GlobalSection(ExtensibilityGlobals) = postSolution
		SolutionGuid = {EE01862B-4564-402A-BDF5-420BC05AEDBC}
	EndGlobalSection
EndGlobal
